# This file is automatically @generated by Cargo.
# It is not intended for manual editing.
version = 4

[[package]]
name = "synos-boot-protocol"
version = "0.1.0"

[[package]]
name = "synos-kernel"
version = "0.1.0"
dependencies = [
 "synos-boot-protocol",
]

[[package]]
name = "synos-synfs"
version = "0.1.0"

[[package]]
name = "synos-uefi"
version = "0.1.0"
dependencies = [
 "synos-boot-protocol",
 "synos-kernel",
]
