# This file is automatically @generated by Cargo.
# It is not intended for manual editing.
version = 4

[[package]]
name = "synos-boot-protocol"
version = "0.1.0"

[[package]]
name = "synos-fabric"
version = "0.1.0"
dependencies = [
 "synos-status",
]

[[package]]
name = "synos-host-filesystems"
version = "0.1.0"
dependencies = [
 "synos-status",
]

[[package]]
name = "synos-kernel"
version = "0.1.0"
dependencies = [
 "synos-boot-protocol",
 "synos-fabric",
 "synos-status",
]

[[package]]
name = "synos-legacy-pc-drivers"
version = "0.1.0"
dependencies = [
 "synos-status",
]

[[package]]
name = "synos-llm"
version = "0.1.0"
dependencies = [
 "synos-fabric",
 "synos-status",
]

[[package]]
name = "synos-platform-io"
version = "0.1.0"
dependencies = [
 "synos-status",
]

[[package]]
name = "synos-status"
version = "0.1.0"

[[package]]
name = "synos-synfs"
version = "0.1.0"
dependencies = [
 "synos-status",
]

[[package]]
name = "synos-system-model"
version = "0.1.0"
dependencies = [
 "synos-status",
 "synos-synfs",
]

[[package]]
name = "synos-uefi"
version = "0.1.0"
dependencies = [
 "synos-boot-protocol",
 "synos-kernel",
]
