# This file is automatically @generated by Cargo.
# It is not intended for manual editing.
version = 4

[[package]]
name = "synos-durability"
version = "0.1.0"

[[package]]
name = "synos-path-pattern"
version = "0.1.0"

[[package]]
name = "synos-retention-debug"
version = "0.1.0"
dependencies = [
 "synos-synfs",
]

[[package]]
name = "synos-status"
version = "0.1.0"

[[package]]
name = "synos-synfs"
version = "0.1.0"
dependencies = [
 "synos-durability",
 "synos-path-pattern",
 "synos-status",
]
